// !$*UTF8*$!
{
	archiveVersion = 1;
	classes = {
	};
	objectVersion = 56;
	objects = {

/* Begin PBXBuildFile section */
		8104BC0E2A90D88300B78D54 /* ArrayExtension.swift in Sources */ = {isa = PBXBuildFile; fileRef = 8104BC0D2A90D88300B78D54 /* ArrayExtension.swift */; };
		8104BC102A910DF900B78D54 /* avatarsMock.swift in Sources */ = {isa = PBXBuildFile; fileRef = 8104BC0F2A910DF900B78D54 /* avatarsMock.swift */; };
		8104BC122A910E2000B78D54 /* AvatarsModel.swift in Sources */ = {isa = PBXBuildFile; fileRef = 8104BC112A910E2000B78D54 /* AvatarsModel.swift */; };
		8104BC162A9117D100B78D54 /* RowsCoffeeBar.swift in Sources */ = {isa = PBXBuildFile; fileRef = 8104BC152A9117D100B78D54 /* RowsCoffeeBar.swift */; };
		810583C82A8F925E00DE5E32 /* StateNavigationStackView.swift in Sources */ = {isa = PBXBuildFile; fileRef = 810583C72A8F925E00DE5E32 /* StateNavigationStackView.swift */; };
		810583CA2A901A8400DE5E32 /* OrdersModel.swift in Sources */ = {isa = PBXBuildFile; fileRef = 810583C92A901A8400DE5E32 /* OrdersModel.swift */; };
		810583CC2A901AC000DE5E32 /* OrdersByUserModel.swift in Sources */ = {isa = PBXBuildFile; fileRef = 810583CB2A901AC000DE5E32 /* OrdersByUserModel.swift */; };
		810583CE2A901C1000DE5E32 /* ordersByUserMock.swift in Sources */ = {isa = PBXBuildFile; fileRef = 810583CD2A901C1000DE5E32 /* ordersByUserMock.swift */; };
		810C27322A850DF400038409 /* coffeesMock.swift in Sources */ = {isa = PBXBuildFile; fileRef = 810C27312A850DF400038409 /* coffeesMock.swift */; };
		810C27352A850E3D00038409 /* CoffeesModel.swift in Sources */ = {isa = PBXBuildFile; fileRef = 810C27342A850E3D00038409 /* CoffeesModel.swift */; };
		810C273A2A8553AC00038409 /* CoffeeItem.swift in Sources */ = {isa = PBXBuildFile; fileRef = 810C27392A8553AC00038409 /* CoffeeItem.swift */; };
		810C273D2A855F2F00038409 /* Constants.swift in Sources */ = {isa = PBXBuildFile; fileRef = 810C273C2A855F2F00038409 /* Constants.swift */; };
		810C27402A85A38100038409 /* StoreHome.swift in Sources */ = {isa = PBXBuildFile; fileRef = 810C273F2A85A38100038409 /* StoreHome.swift */; };
		810C27422A85B29E00038409 /* MainView.swift in Sources */ = {isa = PBXBuildFile; fileRef = 810C27412A85B29E00038409 /* MainView.swift */; };
		810C27442A85B2D700038409 /* DetailsScreen.swift in Sources */ = {isa = PBXBuildFile; fileRef = 810C27432A85B2D700038409 /* DetailsScreen.swift */; };
		810C27462A85B2F400038409 /* Cart.swift in Sources */ = {isa = PBXBuildFile; fileRef = 810C27452A85B2F400038409 /* Cart.swift */; };
		810C27482A85B30B00038409 /* FavoriteOrders.swift in Sources */ = {isa = PBXBuildFile; fileRef = 810C27472A85B30B00038409 /* FavoriteOrders.swift */; };
		8120C0812A8456D60086BD41 /* Coffes_BarApp.swift in Sources */ = {isa = PBXBuildFile; fileRef = 8120C0802A8456D60086BD41 /* Coffes_BarApp.swift */; };
		8120C0832A8456D60086BD41 /* HomeScreen.swift in Sources */ = {isa = PBXBuildFile; fileRef = 8120C0822A8456D60086BD41 /* HomeScreen.swift */; };
		8120C0852A8456D70086BD41 /* Assets.xcassets in Resources */ = {isa = PBXBuildFile; fileRef = 8120C0842A8456D70086BD41 /* Assets.xcassets */; };
		8120C0882A8456D70086BD41 /* Preview Assets.xcassets in Resources */ = {isa = PBXBuildFile; fileRef = 8120C0872A8456D70086BD41 /* Preview Assets.xcassets */; };
		8120C0902A845AA10086BD41 /* Colors.swift in Sources */ = {isa = PBXBuildFile; fileRef = 8120C08F2A845AA10086BD41 /* Colors.swift */; };
		8122AF612A8A5424003C961B /* URLImage in Frameworks */ = {isa = PBXBuildFile; productRef = 8122AF602A8A5424003C961B /* URLImage */; };
		8122AF632A8A5424003C961B /* URLImageStore in Frameworks */ = {isa = PBXBuildFile; productRef = 8122AF622A8A5424003C961B /* URLImageStore */; };
		813A8AA12A903B31008BD0F0 /* HeaderSectionFavoriteOrders.swift in Sources */ = {isa = PBXBuildFile; fileRef = 813A8AA02A903B31008BD0F0 /* HeaderSectionFavoriteOrders.swift */; };
		81554BEF2A8A58D700AAD038 /* CornerRadius.swift in Sources */ = {isa = PBXBuildFile; fileRef = 81554BEE2A8A58D700AAD038 /* CornerRadius.swift */; };
		81554BF12A8A5C0600AAD038 /* FontWithLineHeight.swift in Sources */ = {isa = PBXBuildFile; fileRef = 81554BF02A8A5C0600AAD038 /* FontWithLineHeight.swift */; };
		817765E02A8E2C6D00FC5CC6 /* SheetTextField.swift in Sources */ = {isa = PBXBuildFile; fileRef = 817765DF2A8E2C6D00FC5CC6 /* SheetTextField.swift */; };
		818EF8D82A845E4E00DC0E90 /* Fonts.swift in Sources */ = {isa = PBXBuildFile; fileRef = 818EF8D72A845E4E00DC0E90 /* Fonts.swift */; };
		818EF8FE2A846A2D00DC0E90 /* Inter-ExtraBold.ttf in Resources */ = {isa = PBXBuildFile; fileRef = 818EF8F52A846A2D00DC0E90 /* Inter-ExtraBold.ttf */; };
		818EF8FF2A846A2D00DC0E90 /* Inter-ExtraLight.ttf in Resources */ = {isa = PBXBuildFile; fileRef = 818EF8F62A846A2D00DC0E90 /* Inter-ExtraLight.ttf */; };
		818EF9002A846A2D00DC0E90 /* Inter-Bold.ttf in Resources */ = {isa = PBXBuildFile; fileRef = 818EF8F72A846A2D00DC0E90 /* Inter-Bold.ttf */; };
		818EF9012A846A2D00DC0E90 /* Inter-Black.ttf in Resources */ = {isa = PBXBuildFile; fileRef = 818EF8F82A846A2D00DC0E90 /* Inter-Black.ttf */; };
		818EF9022A846A2D00DC0E90 /* Inter-Regular.ttf in Resources */ = {isa = PBXBuildFile; fileRef = 818EF8F92A846A2D00DC0E90 /* Inter-Regular.ttf */; };
		818EF9032A846A2D00DC0E90 /* Inter-Medium.ttf in Resources */ = {isa = PBXBuildFile; fileRef = 818EF8FA2A846A2D00DC0E90 /* Inter-Medium.ttf */; };
		818EF9042A846A2D00DC0E90 /* Inter-Light.ttf in Resources */ = {isa = PBXBuildFile; fileRef = 818EF8FB2A846A2D00DC0E90 /* Inter-Light.ttf */; };
		818EF9052A846A2D00DC0E90 /* Inter-SemiBold.ttf in Resources */ = {isa = PBXBuildFile; fileRef = 818EF8FC2A846A2D00DC0E90 /* Inter-SemiBold.ttf */; };
		818EF9062A846A2D00DC0E90 /* Inter-Thin.ttf in Resources */ = {isa = PBXBuildFile; fileRef = 818EF8FD2A846A2D00DC0E90 /* Inter-Thin.ttf */; };
		818EF9082A846A3800DC0E90 /* Pacifico-Regular.ttf in Resources */ = {isa = PBXBuildFile; fileRef = 818EF9072A846A3800DC0E90 /* Pacifico-Regular.ttf */; };
		819731152A8CF274003A040E /* StoreLocation.swift in Sources */ = {isa = PBXBuildFile; fileRef = 819731142A8CF274003A040E /* StoreLocation.swift */; };
		819731172A8CF6C0003A040E /* FinishPaymentScreen.swift in Sources */ = {isa = PBXBuildFile; fileRef = 819731162A8CF6C0003A040E /* FinishPaymentScreen.swift */; };
		819731192A8D0001003A040E /* UserAddress.swift in Sources */ = {isa = PBXBuildFile; fileRef = 819731182A8D0001003A040E /* UserAddress.swift */; };
		8197311B2A8D9465003A040E /* InputAddress.swift in Sources */ = {isa = PBXBuildFile; fileRef = 8197311A2A8D9465003A040E /* InputAddress.swift */; };
		81C64BA22A8945D500A4EE12 /* CustomButtonAddOrMinusItens.swift in Sources */ = {isa = PBXBuildFile; fileRef = 81C64BA12A8945D500A4EE12 /* CustomButtonAddOrMinusItens.swift */; };
		81C64BA42A894D3B00A4EE12 /* CustomButtonPay.swift in Sources */ = {isa = PBXBuildFile; fileRef = 81C64BA32A894D3B00A4EE12 /* CustomButtonPay.swift */; };
		81D3B5532A86AECD00B1FBF1 /* CartObservable.swift in Sources */ = {isa = PBXBuildFile; fileRef = 81D3B5522A86AECD00B1FBF1 /* CartObservable.swift */; };
		81D3B5552A87023000B1FBF1 /* Order.swift in Sources */ = {isa = PBXBuildFile; fileRef = 81D3B5542A87023000B1FBF1 /* Order.swift */; };
		81D3B5572A8702B000B1FBF1 /* orders.swift in Sources */ = {isa = PBXBuildFile; fileRef = 81D3B5562A8702B000B1FBF1 /* orders.swift */; };
		81D96AA92A8AF9030027705C /* StateNavigationTabView.swift in Sources */ = {isa = PBXBuildFile; fileRef = 81D96AA82A8AF9030027705C /* StateNavigationTabView.swift */; };
		81F1D2EC2A8E942300BD801C /* OverviewPayment.swift in Sources */ = {isa = PBXBuildFile; fileRef = 81F1D2EB2A8E942300BD801C /* OverviewPayment.swift */; };
		81F1D2EE2A8E97B300BD801C /* PurchaseMadeScreen.swift in Sources */ = {isa = PBXBuildFile; fileRef = 81F1D2ED2A8E97B300BD801C /* PurchaseMadeScreen.swift */; };
		81F1D2F02A8E99F300BD801C /* RowDescription.swift in Sources */ = {isa = PBXBuildFile; fileRef = 81F1D2EF2A8E99F300BD801C /* RowDescription.swift */; };
/* End PBXBuildFile section */

/* Begin PBXFileReference section */
		8104BC0D2A90D88300B78D54 /* ArrayExtension.swift */ = {isa = PBXFileReference; lastKnownFileType = sourcecode.swift; path = ArrayExtension.swift; sourceTree = "<group>"; };
		8104BC0F2A910DF900B78D54 /* avatarsMock.swift */ = {isa = PBXFileReference; lastKnownFileType = sourcecode.swift; path = avatarsMock.swift; sourceTree = "<group>"; };
		8104BC112A910E2000B78D54 /* AvatarsModel.swift */ = {isa = PBXFileReference; lastKnownFileType = sourcecode.swift; path = AvatarsModel.swift; sourceTree = "<group>"; };
		8104BC152A9117D100B78D54 /* RowsCoffeeBar.swift */ = {isa = PBXFileReference; lastKnownFileType = sourcecode.swift; path = RowsCoffeeBar.swift; sourceTree = "<group>"; };
		810583C72A8F925E00DE5E32 /* StateNavigationStackView.swift */ = {isa = PBXFileReference; lastKnownFileType = sourcecode.swift; path = StateNavigationStackView.swift; sourceTree = "<group>"; };
		810583C92A901A8400DE5E32 /* OrdersModel.swift */ = {isa = PBXFileReference; lastKnownFileType = sourcecode.swift; path = OrdersModel.swift; sourceTree = "<group>"; };
		810583CB2A901AC000DE5E32 /* OrdersByUserModel.swift */ = {isa = PBXFileReference; lastKnownFileType = sourcecode.swift; path = OrdersByUserModel.swift; sourceTree = "<group>"; };
		810583CD2A901C1000DE5E32 /* ordersByUserMock.swift */ = {isa = PBXFileReference; lastKnownFileType = sourcecode.swift; path = ordersByUserMock.swift; sourceTree = "<group>"; };
		810C27312A850DF400038409 /* coffeesMock.swift */ = {isa = PBXFileReference; lastKnownFileType = sourcecode.swift; path = coffeesMock.swift; sourceTree = "<group>"; };
		810C27342A850E3D00038409 /* CoffeesModel.swift */ = {isa = PBXFileReference; lastKnownFileType = sourcecode.swift; path = CoffeesModel.swift; sourceTree = "<group>"; };
		810C27392A8553AC00038409 /* CoffeeItem.swift */ = {isa = PBXFileReference; lastKnownFileType = sourcecode.swift; path = CoffeeItem.swift; sourceTree = "<group>"; };
		810C273C2A855F2F00038409 /* Constants.swift */ = {isa = PBXFileReference; lastKnownFileType = sourcecode.swift; path = Constants.swift; sourceTree = "<group>"; };
		810C273F2A85A38100038409 /* StoreHome.swift */ = {isa = PBXFileReference; lastKnownFileType = sourcecode.swift; path = StoreHome.swift; sourceTree = "<group>"; };
		810C27412A85B29E00038409 /* MainView.swift */ = {isa = PBXFileReference; lastKnownFileType = sourcecode.swift; path = MainView.swift; sourceTree = "<group>"; };
		810C27432A85B2D700038409 /* DetailsScreen.swift */ = {isa = PBXFileReference; lastKnownFileType = sourcecode.swift; path = DetailsScreen.swift; sourceTree = "<group>"; };
		810C27452A85B2F400038409 /* Cart.swift */ = {isa = PBXFileReference; lastKnownFileType = sourcecode.swift; path = Cart.swift; sourceTree = "<group>"; };
		810C27472A85B30B00038409 /* FavoriteOrders.swift */ = {isa = PBXFileReference; lastKnownFileType = sourcecode.swift; path = FavoriteOrders.swift; sourceTree = "<group>"; };
		8120C07D2A8456D60086BD41 /* Coffes Bar.app */ = {isa = PBXFileReference; explicitFileType = wrapper.application; includeInIndex = 0; path = "Coffes Bar.app"; sourceTree = BUILT_PRODUCTS_DIR; };
		8120C0802A8456D60086BD41 /* Coffes_BarApp.swift */ = {isa = PBXFileReference; lastKnownFileType = sourcecode.swift; path = Coffes_BarApp.swift; sourceTree = "<group>"; };
		8120C0822A8456D60086BD41 /* HomeScreen.swift */ = {isa = PBXFileReference; lastKnownFileType = sourcecode.swift; path = HomeScreen.swift; sourceTree = "<group>"; };
		8120C0842A8456D70086BD41 /* Assets.xcassets */ = {isa = PBXFileReference; lastKnownFileType = folder.assetcatalog; path = Assets.xcassets; sourceTree = "<group>"; };
		8120C0872A8456D70086BD41 /* Preview Assets.xcassets */ = {isa = PBXFileReference; lastKnownFileType = folder.assetcatalog; path = "Preview Assets.xcassets"; sourceTree = "<group>"; };
		8120C08F2A845AA10086BD41 /* Colors.swift */ = {isa = PBXFileReference; lastKnownFileType = sourcecode.swift; path = Colors.swift; sourceTree = "<group>"; };
		813A8AA02A903B31008BD0F0 /* HeaderSectionFavoriteOrders.swift */ = {isa = PBXFileReference; lastKnownFileType = sourcecode.swift; path = HeaderSectionFavoriteOrders.swift; sourceTree = "<group>"; };
		81554BEE2A8A58D700AAD038 /* CornerRadius.swift */ = {isa = PBXFileReference; lastKnownFileType = sourcecode.swift; path = CornerRadius.swift; sourceTree = "<group>"; };
		81554BF02A8A5C0600AAD038 /* FontWithLineHeight.swift */ = {isa = PBXFileReference; lastKnownFileType = sourcecode.swift; path = FontWithLineHeight.swift; sourceTree = "<group>"; };
		817765DF2A8E2C6D00FC5CC6 /* SheetTextField.swift */ = {isa = PBXFileReference; lastKnownFileType = sourcecode.swift; path = SheetTextField.swift; sourceTree = "<group>"; };
		818EF8D62A845DCA00DC0E90 /* Coffes-Bar-Info.plist */ = {isa = PBXFileReference; lastKnownFileType = text.plist; path = "Coffes-Bar-Info.plist"; sourceTree = SOURCE_ROOT; };
		818EF8D72A845E4E00DC0E90 /* Fonts.swift */ = {isa = PBXFileReference; lastKnownFileType = sourcecode.swift; path = Fonts.swift; sourceTree = "<group>"; };
		818EF8F52A846A2D00DC0E90 /* Inter-ExtraBold.ttf */ = {isa = PBXFileReference; lastKnownFileType = file; path = "Inter-ExtraBold.ttf"; sourceTree = "<group>"; };
		818EF8F62A846A2D00DC0E90 /* Inter-ExtraLight.ttf */ = {isa = PBXFileReference; lastKnownFileType = file; path = "Inter-ExtraLight.ttf"; sourceTree = "<group>"; };
		818EF8F72A846A2D00DC0E90 /* Inter-Bold.ttf */ = {isa = PBXFileReference; lastKnownFileType = file; path = "Inter-Bold.ttf"; sourceTree = "<group>"; };
		818EF8F82A846A2D00DC0E90 /* Inter-Black.ttf */ = {isa = PBXFileReference; lastKnownFileType = file; path = "Inter-Black.ttf"; sourceTree = "<group>"; };
		818EF8F92A846A2D00DC0E90 /* Inter-Regular.ttf */ = {isa = PBXFileReference; lastKnownFileType = file; path = "Inter-Regular.ttf"; sourceTree = "<group>"; };
		818EF8FA2A846A2D00DC0E90 /* Inter-Medium.ttf */ = {isa = PBXFileReference; lastKnownFileType = file; path = "Inter-Medium.ttf"; sourceTree = "<group>"; };
		818EF8FB2A846A2D00DC0E90 /* Inter-Light.ttf */ = {isa = PBXFileReference; lastKnownFileType = file; path = "Inter-Light.ttf"; sourceTree = "<group>"; };
		818EF8FC2A846A2D00DC0E90 /* Inter-SemiBold.ttf */ = {isa = PBXFileReference; lastKnownFileType = file; path = "Inter-SemiBold.ttf"; sourceTree = "<group>"; };
		818EF8FD2A846A2D00DC0E90 /* Inter-Thin.ttf */ = {isa = PBXFileReference; lastKnownFileType = file; path = "Inter-Thin.ttf"; sourceTree = "<group>"; };
		818EF9072A846A3800DC0E90 /* Pacifico-Regular.ttf */ = {isa = PBXFileReference; lastKnownFileType = file; path = "Pacifico-Regular.ttf"; sourceTree = "<group>"; };
		819731142A8CF274003A040E /* StoreLocation.swift */ = {isa = PBXFileReference; lastKnownFileType = sourcecode.swift; path = StoreLocation.swift; sourceTree = "<group>"; };
		819731162A8CF6C0003A040E /* FinishPaymentScreen.swift */ = {isa = PBXFileReference; lastKnownFileType = sourcecode.swift; path = FinishPaymentScreen.swift; sourceTree = "<group>"; };
		819731182A8D0001003A040E /* UserAddress.swift */ = {isa = PBXFileReference; lastKnownFileType = sourcecode.swift; path = UserAddress.swift; sourceTree = "<group>"; };
		8197311A2A8D9465003A040E /* InputAddress.swift */ = {isa = PBXFileReference; lastKnownFileType = sourcecode.swift; path = InputAddress.swift; sourceTree = "<group>"; };
		81C64BA12A8945D500A4EE12 /* CustomButtonAddOrMinusItens.swift */ = {isa = PBXFileReference; lastKnownFileType = sourcecode.swift; path = CustomButtonAddOrMinusItens.swift; sourceTree = "<group>"; };
		81C64BA32A894D3B00A4EE12 /* CustomButtonPay.swift */ = {isa = PBXFileReference; lastKnownFileType = sourcecode.swift; path = CustomButtonPay.swift; sourceTree = "<group>"; };
		81D3B5522A86AECD00B1FBF1 /* CartObservable.swift */ = {isa = PBXFileReference; lastKnownFileType = sourcecode.swift; path = CartObservable.swift; sourceTree = "<group>"; };
		81D3B5542A87023000B1FBF1 /* Order.swift */ = {isa = PBXFileReference; lastKnownFileType = sourcecode.swift; path = Order.swift; sourceTree = "<group>"; };
		81D3B5562A8702B000B1FBF1 /* orders.swift */ = {isa = PBXFileReference; lastKnownFileType = sourcecode.swift; path = orders.swift; sourceTree = "<group>"; };
		81D96AA82A8AF9030027705C /* StateNavigationTabView.swift */ = {isa = PBXFileReference; lastKnownFileType = sourcecode.swift; path = StateNavigationTabView.swift; sourceTree = "<group>"; };
		81F1D2EB2A8E942300BD801C /* OverviewPayment.swift */ = {isa = PBXFileReference; lastKnownFileType = sourcecode.swift; path = OverviewPayment.swift; sourceTree = "<group>"; };
		81F1D2ED2A8E97B300BD801C /* PurchaseMadeScreen.swift */ = {isa = PBXFileReference; lastKnownFileType = sourcecode.swift; path = PurchaseMadeScreen.swift; sourceTree = "<group>"; };
		81F1D2EF2A8E99F300BD801C /* RowDescription.swift */ = {isa = PBXFileReference; lastKnownFileType = sourcecode.swift; path = RowDescription.swift; sourceTree = "<group>"; };
/* End PBXFileReference section */

/* Begin PBXFrameworksBuildPhase section */
		8120C07A2A8456D60086BD41 /* Frameworks */ = {
			isa = PBXFrameworksBuildPhase;
			buildActionMask = 2147483647;
			files = (
				8122AF632A8A5424003C961B /* URLImageStore in Frameworks */,
				8122AF612A8A5424003C961B /* URLImage in Frameworks */,
			);
			runOnlyForDeploymentPostprocessing = 0;
		};
/* End PBXFrameworksBuildPhase section */

/* Begin PBXGroup section */
		8104BC0C2A90D86C00B78D54 /* Extensions */ = {
			isa = PBXGroup;
			children = (
				8104BC0D2A90D88300B78D54 /* ArrayExtension.swift */,
			);
			path = Extensions;
			sourceTree = "<group>";
		};
		810C27302A850DC300038409 /* Mock */ = {
			isa = PBXGroup;
			children = (
				810C27312A850DF400038409 /* coffeesMock.swift */,
				81D3B5562A8702B000B1FBF1 /* orders.swift */,
				810583CD2A901C1000DE5E32 /* ordersByUserMock.swift */,
				8104BC0F2A910DF900B78D54 /* avatarsMock.swift */,
			);
			path = Mock;
			sourceTree = "<group>";
		};
		810C27332A850E0500038409 /* Models */ = {
			isa = PBXGroup;
			children = (
				810C27342A850E3D00038409 /* CoffeesModel.swift */,
				819731182A8D0001003A040E /* UserAddress.swift */,
				810583C92A901A8400DE5E32 /* OrdersModel.swift */,
				810583CB2A901AC000DE5E32 /* OrdersByUserModel.swift */,
				8104BC112A910E2000B78D54 /* AvatarsModel.swift */,
			);
			path = Models;
			sourceTree = "<group>";
		};
		810C27382A85539000038409 /* View */ = {
			isa = PBXGroup;
			children = (
				810C27392A8553AC00038409 /* CoffeeItem.swift */,
				81D3B5542A87023000B1FBF1 /* Order.swift */,
				81C64BA12A8945D500A4EE12 /* CustomButtonAddOrMinusItens.swift */,
				81C64BA32A894D3B00A4EE12 /* CustomButtonPay.swift */,
				8197311A2A8D9465003A040E /* InputAddress.swift */,
				817765DF2A8E2C6D00FC5CC6 /* SheetTextField.swift */,
				81F1D2EB2A8E942300BD801C /* OverviewPayment.swift */,
				81F1D2EF2A8E99F300BD801C /* RowDescription.swift */,
				813A8AA02A903B31008BD0F0 /* HeaderSectionFavoriteOrders.swift */,
				8104BC152A9117D100B78D54 /* RowsCoffeeBar.swift */,
			);
			path = View;
			sourceTree = "<group>";
		};
		810C273B2A855EFC00038409 /* Utility */ = {
			isa = PBXGroup;
			children = (
				810C273C2A855F2F00038409 /* Constants.swift */,
				81D3B5522A86AECD00B1FBF1 /* CartObservable.swift */,
				81D96AA82A8AF9030027705C /* StateNavigationTabView.swift */,
				810583C72A8F925E00DE5E32 /* StateNavigationStackView.swift */,
			);
			path = Utility;
			sourceTree = "<group>";
		};
		810C273E2A85A35100038409 /* Store */ = {
			isa = PBXGroup;
			children = (
				810C273F2A85A38100038409 /* StoreHome.swift */,
				819731142A8CF274003A040E /* StoreLocation.swift */,
			);
			path = Store;
			sourceTree = "<group>";
		};
		8120C0742A8456D60086BD41 = {
			isa = PBXGroup;
			children = (
				8120C07F2A8456D60086BD41 /* Coffes Bar */,
				8120C07E2A8456D60086BD41 /* Products */,
			);
			sourceTree = "<group>";
		};
		8120C07E2A8456D60086BD41 /* Products */ = {
			isa = PBXGroup;
			children = (
				8120C07D2A8456D60086BD41 /* Coffes Bar.app */,
			);
			name = Products;
			sourceTree = "<group>";
		};
		8120C07F2A8456D60086BD41 /* Coffes Bar */ = {
			isa = PBXGroup;
			children = (
				8104BC0C2A90D86C00B78D54 /* Extensions */,
				81554BED2A8A58BB00AAD038 /* Modifiers */,
				810C273E2A85A35100038409 /* Store */,
				810C273B2A855EFC00038409 /* Utility */,
				810C27382A85539000038409 /* View */,
				810C27332A850E0500038409 /* Models */,
				810C27302A850DC300038409 /* Mock */,
				818EF8D92A845FDA00DC0E90 /* Screens */,
				8120C08E2A845A890086BD41 /* Theme */,
				818EF8D62A845DCA00DC0E90 /* Coffes-Bar-Info.plist */,
				8120C0802A8456D60086BD41 /* Coffes_BarApp.swift */,
				8120C0842A8456D70086BD41 /* Assets.xcassets */,
				8120C0862A8456D70086BD41 /* Preview Content */,
			);
			path = "Coffes Bar";
			sourceTree = "<group>";
		};
		8120C0862A8456D70086BD41 /* Preview Content */ = {
			isa = PBXGroup;
			children = (
				8120C0872A8456D70086BD41 /* Preview Assets.xcassets */,
			);
			path = "Preview Content";
			sourceTree = "<group>";
		};
		8120C08E2A845A890086BD41 /* Theme */ = {
			isa = PBXGroup;
			children = (
				818EF9072A846A3800DC0E90 /* Pacifico-Regular.ttf */,
				818EF8F82A846A2D00DC0E90 /* Inter-Black.ttf */,
				818EF8F72A846A2D00DC0E90 /* Inter-Bold.ttf */,
				818EF8F52A846A2D00DC0E90 /* Inter-ExtraBold.ttf */,
				818EF8F62A846A2D00DC0E90 /* Inter-ExtraLight.ttf */,
				818EF8FB2A846A2D00DC0E90 /* Inter-Light.ttf */,
				818EF8FA2A846A2D00DC0E90 /* Inter-Medium.ttf */,
				818EF8F92A846A2D00DC0E90 /* Inter-Regular.ttf */,
				818EF8FC2A846A2D00DC0E90 /* Inter-SemiBold.ttf */,
				818EF8FD2A846A2D00DC0E90 /* Inter-Thin.ttf */,
				8120C08F2A845AA10086BD41 /* Colors.swift */,
				818EF8D72A845E4E00DC0E90 /* Fonts.swift */,
			);
			path = Theme;
			sourceTree = "<group>";
		};
		81554BED2A8A58BB00AAD038 /* Modifiers */ = {
			isa = PBXGroup;
			children = (
				81554BEE2A8A58D700AAD038 /* CornerRadius.swift */,
				81554BF02A8A5C0600AAD038 /* FontWithLineHeight.swift */,
			);
			path = Modifiers;
			sourceTree = "<group>";
		};
		818EF8D92A845FDA00DC0E90 /* Screens */ = {
			isa = PBXGroup;
			children = (
				8120C0822A8456D60086BD41 /* HomeScreen.swift */,
				810C27412A85B29E00038409 /* MainView.swift */,
				810C27432A85B2D700038409 /* DetailsScreen.swift */,
				810C27452A85B2F400038409 /* Cart.swift */,
				810C27472A85B30B00038409 /* FavoriteOrders.swift */,
				819731162A8CF6C0003A040E /* FinishPaymentScreen.swift */,
				81F1D2ED2A8E97B300BD801C /* PurchaseMadeScreen.swift */,
			);
			path = Screens;
			sourceTree = "<group>";
		};
/* End PBXGroup section */

/* Begin PBXNativeTarget section */
		8120C07C2A8456D60086BD41 /* Coffes Bar */ = {
			isa = PBXNativeTarget;
			buildConfigurationList = 8120C08B2A8456D70086BD41 /* Build configuration list for PBXNativeTarget "Coffes Bar" */;
			buildPhases = (
				8120C0792A8456D60086BD41 /* Sources */,
				8120C07A2A8456D60086BD41 /* Frameworks */,
				8120C07B2A8456D60086BD41 /* Resources */,
				810C27362A85158C00038409 /* SwiftFormat */,
				810C27372A851CEC00038409 /* SwiftLint */,
			);
			buildRules = (
			);
			dependencies = (
			);
			name = "Coffes Bar";
			packageProductDependencies = (
				8122AF602A8A5424003C961B /* URLImage */,
				8122AF622A8A5424003C961B /* URLImageStore */,
			);
			productName = "Coffes Bar";
			productReference = 8120C07D2A8456D60086BD41 /* Coffes Bar.app */;
			productType = "com.apple.product-type.application";
		};
/* End PBXNativeTarget section */

/* Begin PBXProject section */
		8120C0752A8456D60086BD41 /* Project object */ = {
			isa = PBXProject;
			attributes = {
				BuildIndependentTargetsInParallel = 1;
				LastSwiftUpdateCheck = 1430;
				LastUpgradeCheck = 1430;
				TargetAttributes = {
					8120C07C2A8456D60086BD41 = {
						CreatedOnToolsVersion = 14.3.1;
					};
				};
			};
			buildConfigurationList = 8120C0782A8456D60086BD41 /* Build configuration list for PBXProject "Coffes Bar" */;
			compatibilityVersion = "Xcode 14.0";
			developmentRegion = en;
			hasScannedForEncodings = 0;
			knownRegions = (
				en,
				Base,
			);
			mainGroup = 8120C0742A8456D60086BD41;
			packageReferences = (
				8122AF5F2A8A5424003C961B /* XCRemoteSwiftPackageReference "url-image" */,
			);
			productRefGroup = 8120C07E2A8456D60086BD41 /* Products */;
			projectDirPath = "";
			projectRoot = "";
			targets = (
				8120C07C2A8456D60086BD41 /* Coffes Bar */,
			);
		};
/* End PBXProject section */

/* Begin PBXResourcesBuildPhase section */
		8120C07B2A8456D60086BD41 /* Resources */ = {
			isa = PBXResourcesBuildPhase;
			buildActionMask = 2147483647;
			files = (
				8120C0882A8456D70086BD41 /* Preview Assets.xcassets in Resources */,
				818EF9042A846A2D00DC0E90 /* Inter-Light.ttf in Resources */,
				818EF9012A846A2D00DC0E90 /* Inter-Black.ttf in Resources */,
				818EF9002A846A2D00DC0E90 /* Inter-Bold.ttf in Resources */,
				8120C0852A8456D70086BD41 /* Assets.xcassets in Resources */,
				818EF9062A846A2D00DC0E90 /* Inter-Thin.ttf in Resources */,
				818EF9032A846A2D00DC0E90 /* Inter-Medium.ttf in Resources */,
				818EF8FE2A846A2D00DC0E90 /* Inter-ExtraBold.ttf in Resources */,
				818EF8FF2A846A2D00DC0E90 /* Inter-ExtraLight.ttf in Resources */,
				818EF9082A846A3800DC0E90 /* Pacifico-Regular.ttf in Resources */,
				818EF9052A846A2D00DC0E90 /* Inter-SemiBold.ttf in Resources */,
				818EF9022A846A2D00DC0E90 /* Inter-Regular.ttf in Resources */,
			);
			runOnlyForDeploymentPostprocessing = 0;
		};
/* End PBXResourcesBuildPhase section */

/* Begin PBXShellScriptBuildPhase section */
		810C27362A85158C00038409 /* SwiftFormat */ = {
			isa = PBXShellScriptBuildPhase;
			buildActionMask = 2147483647;
			files = (
			);
			inputFileListPaths = (
			);
			inputPaths = (
			);
			name = SwiftFormat;
			outputFileListPaths = (
			);
			outputPaths = (
			);
			runOnlyForDeploymentPostprocessing = 0;
			shellPath = /bin/sh;
			shellScript = "export PATH=\"/opt/homebrew/bin:$PATH\"\nif which swiftformat > /dev/null; then\n  swiftformat .\nelse\n  echo \"warning: SwiftFormat not installed, download from https://github.com/nicklockwood/SwiftFormat\"\nfi\n";
		};
		810C27372A851CEC00038409 /* SwiftLint */ = {
			isa = PBXShellScriptBuildPhase;
			buildActionMask = 2147483647;
			files = (
			);
			inputFileListPaths = (
			);
			inputPaths = (
			);
			name = SwiftLint;
			outputFileListPaths = (
			);
			outputPaths = (
			);
			runOnlyForDeploymentPostprocessing = 0;
			shellPath = /bin/sh;
			shellScript = "export PATH=\"/opt/homebrew/bin:$PATH\"\nif which swiftformat > /dev/null; then\n  swiftlint \nelse\n  echo \"warning: swiftlint not installed\"\nfi\n";
		};
/* End PBXShellScriptBuildPhase section */

/* Begin PBXSourcesBuildPhase section */
		8120C0792A8456D60086BD41 /* Sources */ = {
			isa = PBXSourcesBuildPhase;
			buildActionMask = 2147483647;
			files = (
				81554BF12A8A5C0600AAD038 /* FontWithLineHeight.swift in Sources */,
				8197311B2A8D9465003A040E /* InputAddress.swift in Sources */,
				810C27442A85B2D700038409 /* DetailsScreen.swift in Sources */,
				810583C82A8F925E00DE5E32 /* StateNavigationStackView.swift in Sources */,
				81F1D2EC2A8E942300BD801C /* OverviewPayment.swift in Sources */,
				818EF8D82A845E4E00DC0E90 /* Fonts.swift in Sources */,
				81F1D2EE2A8E97B300BD801C /* PurchaseMadeScreen.swift in Sources */,
				810C27402A85A38100038409 /* StoreHome.swift in Sources */,
				819731192A8D0001003A040E /* UserAddress.swift in Sources */,
				81C64BA42A894D3B00A4EE12 /* CustomButtonPay.swift in Sources */,
				8120C0832A8456D60086BD41 /* HomeScreen.swift in Sources */,
				819731152A8CF274003A040E /* StoreLocation.swift in Sources */,
				8104BC102A910DF900B78D54 /* avatarsMock.swift in Sources */,
				810583CC2A901AC000DE5E32 /* OrdersByUserModel.swift in Sources */,
				810C27422A85B29E00038409 /* MainView.swift in Sources */,
				810583CA2A901A8400DE5E32 /* OrdersModel.swift in Sources */,
				8120C0902A845AA10086BD41 /* Colors.swift in Sources */,
				810C273A2A8553AC00038409 /* CoffeeItem.swift in Sources */,
				810C27462A85B2F400038409 /* Cart.swift in Sources */,
				810C27352A850E3D00038409 /* CoffeesModel.swift in Sources */,
				8104BC162A9117D100B78D54 /* RowsCoffeeBar.swift in Sources */,
				810583CE2A901C1000DE5E32 /* ordersByUserMock.swift in Sources */,
				8120C0812A8456D60086BD41 /* Coffes_BarApp.swift in Sources */,
				81D3B5532A86AECD00B1FBF1 /* CartObservable.swift in Sources */,
				810C27322A850DF400038409 /* coffeesMock.swift in Sources */,
				81D3B5552A87023000B1FBF1 /* Order.swift in Sources */,
				81C64BA22A8945D500A4EE12 /* CustomButtonAddOrMinusItens.swift in Sources */,
				8104BC0E2A90D88300B78D54 /* ArrayExtension.swift in Sources */,
				817765E02A8E2C6D00FC5CC6 /* SheetTextField.swift in Sources */,
				810C27482A85B30B00038409 /* FavoriteOrders.swift in Sources */,
				81D3B5572A8702B000B1FBF1 /* orders.swift in Sources */,
				81D96AA92A8AF9030027705C /* StateNavigationTabView.swift in Sources */,
				810C273D2A855F2F00038409 /* Constants.swift in Sources */,
				819731172A8CF6C0003A040E /* FinishPaymentScreen.swift in Sources */,
				81554BEF2A8A58D700AAD038 /* CornerRadius.swift in Sources */,
				81F1D2F02A8E99F300BD801C /* RowDescription.swift in Sources */,
				8104BC122A910E2000B78D54 /* AvatarsModel.swift in Sources */,
				813A8AA12A903B31008BD0F0 /* HeaderSectionFavoriteOrders.swift in Sources */,
			);
			runOnlyForDeploymentPostprocessing = 0;
		};
/* End PBXSourcesBuildPhase section */

/* Begin XCBuildConfiguration section */
		8120C0892A8456D70086BD41 /* Debug */ = {
			isa = XCBuildConfiguration;
			buildSettings = {
				ALWAYS_SEARCH_USER_PATHS = NO;
				CLANG_ANALYZER_NONNULL = YES;
				CLANG_ANALYZER_NUMBER_OBJECT_CONVERSION = YES_AGGRESSIVE;
				CLANG_CXX_LANGUAGE_STANDARD = "gnu++20";
				CLANG_ENABLE_MODULES = YES;
				CLANG_ENABLE_OBJC_ARC = YES;
				CLANG_ENABLE_OBJC_WEAK = YES;
				CLANG_WARN_BLOCK_CAPTURE_AUTORELEASING = YES;
				CLANG_WARN_BOOL_CONVERSION = YES;
				CLANG_WARN_COMMA = YES;
				CLANG_WARN_CONSTANT_CONVERSION = YES;
				CLANG_WARN_DEPRECATED_OBJC_IMPLEMENTATIONS = YES;
				CLANG_WARN_DIRECT_OBJC_ISA_USAGE = YES_ERROR;
				CLANG_WARN_DOCUMENTATION_COMMENTS = YES;
				CLANG_WARN_EMPTY_BODY = YES;
				CLANG_WARN_ENUM_CONVERSION = YES;
				CLANG_WARN_INFINITE_RECURSION = YES;
				CLANG_WARN_INT_CONVERSION = YES;
				CLANG_WARN_NON_LITERAL_NULL_CONVERSION = YES;
				CLANG_WARN_OBJC_IMPLICIT_RETAIN_SELF = YES;
				CLANG_WARN_OBJC_LITERAL_CONVERSION = YES;
				CLANG_WARN_OBJC_ROOT_CLASS = YES_ERROR;
				CLANG_WARN_QUOTED_INCLUDE_IN_FRAMEWORK_HEADER = YES;
				CLANG_WARN_RANGE_LOOP_ANALYSIS = YES;
				CLANG_WARN_STRICT_PROTOTYPES = YES;
				CLANG_WARN_SUSPICIOUS_MOVE = YES;
				CLANG_WARN_UNGUARDED_AVAILABILITY = YES_AGGRESSIVE;
				CLANG_WARN_UNREACHABLE_CODE = YES;
				CLANG_WARN__DUPLICATE_METHOD_MATCH = YES;
				COPY_PHASE_STRIP = NO;
				DEBUG_INFORMATION_FORMAT = dwarf;
				ENABLE_STRICT_OBJC_MSGSEND = YES;
				ENABLE_TESTABILITY = YES;
				GCC_C_LANGUAGE_STANDARD = gnu11;
				GCC_DYNAMIC_NO_PIC = NO;
				GCC_NO_COMMON_BLOCKS = YES;
				GCC_OPTIMIZATION_LEVEL = 0;
				GCC_PREPROCESSOR_DEFINITIONS = (
					"DEBUG=1",
					"$(inherited)",
				);
				GCC_WARN_64_TO_32_BIT_CONVERSION = YES;
				GCC_WARN_ABOUT_RETURN_TYPE = YES_ERROR;
				GCC_WARN_UNDECLARED_SELECTOR = YES;
				GCC_WARN_UNINITIALIZED_AUTOS = YES_AGGRESSIVE;
				GCC_WARN_UNUSED_FUNCTION = YES;
				GCC_WARN_UNUSED_VARIABLE = YES;
				IPHONEOS_DEPLOYMENT_TARGET = 16.4;
				MTL_ENABLE_DEBUG_INFO = INCLUDE_SOURCE;
				MTL_FAST_MATH = YES;
				ONLY_ACTIVE_ARCH = YES;
				SDKROOT = iphoneos;
				SWIFT_ACTIVE_COMPILATION_CONDITIONS = DEBUG;
				SWIFT_OPTIMIZATION_LEVEL = "-Onone";
			};
			name = Debug;
		};
		8120C08A2A8456D70086BD41 /* Release */ = {
			isa = XCBuildConfiguration;
			buildSettings = {
				ALWAYS_SEARCH_USER_PATHS = NO;
				CLANG_ANALYZER_NONNULL = YES;
				CLANG_ANALYZER_NUMBER_OBJECT_CONVERSION = YES_AGGRESSIVE;
				CLANG_CXX_LANGUAGE_STANDARD = "gnu++20";
				CLANG_ENABLE_MODULES = YES;
				CLANG_ENABLE_OBJC_ARC = YES;
				CLANG_ENABLE_OBJC_WEAK = YES;
				CLANG_WARN_BLOCK_CAPTURE_AUTORELEASING = YES;
				CLANG_WARN_BOOL_CONVERSION = YES;
				CLANG_WARN_COMMA = YES;
				CLANG_WARN_CONSTANT_CONVERSION = YES;
				CLANG_WARN_DEPRECATED_OBJC_IMPLEMENTATIONS = YES;
				CLANG_WARN_DIRECT_OBJC_ISA_USAGE = YES_ERROR;
				CLANG_WARN_DOCUMENTATION_COMMENTS = YES;
				CLANG_WARN_EMPTY_BODY = YES;
				CLANG_WARN_ENUM_CONVERSION = YES;
				CLANG_WARN_INFINITE_RECURSION = YES;
				CLANG_WARN_INT_CONVERSION = YES;
				CLANG_WARN_NON_LITERAL_NULL_CONVERSION = YES;
				CLANG_WARN_OBJC_IMPLICIT_RETAIN_SELF = YES;
				CLANG_WARN_OBJC_LITERAL_CONVERSION = YES;
				CLANG_WARN_OBJC_ROOT_CLASS = YES_ERROR;
				CLANG_WARN_QUOTED_INCLUDE_IN_FRAMEWORK_HEADER = YES;
				CLANG_WARN_RANGE_LOOP_ANALYSIS = YES;
				CLANG_WARN_STRICT_PROTOTYPES = YES;
				CLANG_WARN_SUSPICIOUS_MOVE = YES;
				CLANG_WARN_UNGUARDED_AVAILABILITY = YES_AGGRESSIVE;
				CLANG_WARN_UNREACHABLE_CODE = YES;
				CLANG_WARN__DUPLICATE_METHOD_MATCH = YES;
				COPY_PHASE_STRIP = NO;
				DEBUG_INFORMATION_FORMAT = "dwarf-with-dsym";
				ENABLE_NS_ASSERTIONS = NO;
				ENABLE_STRICT_OBJC_MSGSEND = YES;
				GCC_C_LANGUAGE_STANDARD = gnu11;
				GCC_NO_COMMON_BLOCKS = YES;
				GCC_WARN_64_TO_32_BIT_CONVERSION = YES;
				GCC_WARN_ABOUT_RETURN_TYPE = YES_ERROR;
				GCC_WARN_UNDECLARED_SELECTOR = YES;
				GCC_WARN_UNINITIALIZED_AUTOS = YES_AGGRESSIVE;
				GCC_WARN_UNUSED_FUNCTION = YES;
				GCC_WARN_UNUSED_VARIABLE = YES;
				IPHONEOS_DEPLOYMENT_TARGET = 16.4;
				MTL_ENABLE_DEBUG_INFO = NO;
				MTL_FAST_MATH = YES;
				SDKROOT = iphoneos;
				SWIFT_COMPILATION_MODE = wholemodule;
				SWIFT_OPTIMIZATION_LEVEL = "-O";
				VALIDATE_PRODUCT = YES;
			};
			name = Release;
		};
		8120C08C2A8456D70086BD41 /* Debug */ = {
			isa = XCBuildConfiguration;
			buildSettings = {
				ASSETCATALOG_COMPILER_APPICON_NAME = AppIcon;
				ASSETCATALOG_COMPILER_GLOBAL_ACCENT_COLOR_NAME = AccentColor;
				CODE_SIGN_STYLE = Automatic;
				CURRENT_PROJECT_VERSION = 1;
				DEVELOPMENT_ASSET_PATHS = "\"Coffes Bar/Preview Content\"";
				DEVELOPMENT_TEAM = 7LW2N5TNNW;
				ENABLE_PREVIEWS = YES;
				GENERATE_INFOPLIST_FILE = YES;
				INFOPLIST_FILE = "Coffes-Bar-Info.plist";
				INFOPLIST_KEY_UIApplicationSceneManifest_Generation = YES;
				INFOPLIST_KEY_UIApplicationSupportsIndirectInputEvents = YES;
				INFOPLIST_KEY_UILaunchScreen_Generation = YES;
				INFOPLIST_KEY_UISupportedInterfaceOrientations_iPad = "UIInterfaceOrientationPortrait UIInterfaceOrientationPortraitUpsideDown UIInterfaceOrientationLandscapeLeft UIInterfaceOrientationLandscapeRight";
				INFOPLIST_KEY_UISupportedInterfaceOrientations_iPhone = "UIInterfaceOrientationPortrait UIInterfaceOrientationLandscapeLeft UIInterfaceOrientationLandscapeRight";
				INFOPLIST_KEY_UIUserInterfaceStyle = Light;
				LD_RUNPATH_SEARCH_PATHS = (
					"$(inherited)",
					"@executable_path/Frameworks",
				);
				MARKETING_VERSION = 1.0;
				PRODUCT_BUNDLE_IDENTIFIER = "com.kvm.Coffes-Bar";
				PRODUCT_NAME = "$(TARGET_NAME)";
				SWIFT_EMIT_LOC_STRINGS = YES;
				SWIFT_VERSION = 5.0;
				TARGETED_DEVICE_FAMILY = "1,2";
			};
			name = Debug;
		};
		8120C08D2A8456D70086BD41 /* Release */ = {
			isa = XCBuildConfiguration;
			buildSettings = {
				ASSETCATALOG_COMPILER_APPICON_NAME = AppIcon;
				ASSETCATALOG_COMPILER_GLOBAL_ACCENT_COLOR_NAME = AccentColor;
				CODE_SIGN_STYLE = Automatic;
				CURRENT_PROJECT_VERSION = 1;
				DEVELOPMENT_ASSET_PATHS = "\"Coffes Bar/Preview Content\"";
				DEVELOPMENT_TEAM = 7LW2N5TNNW;
				ENABLE_PREVIEWS = YES;
				GENERATE_INFOPLIST_FILE = YES;
				INFOPLIST_FILE = "Coffes-Bar-Info.plist";
				INFOPLIST_KEY_UIApplicationSceneManifest_Generation = YES;
				INFOPLIST_KEY_UIApplicationSupportsIndirectInputEvents = YES;
				INFOPLIST_KEY_UILaunchScreen_Generation = YES;
				INFOPLIST_KEY_UISupportedInterfaceOrientations_iPad = "UIInterfaceOrientationPortrait UIInterfaceOrientationPortraitUpsideDown UIInterfaceOrientationLandscapeLeft UIInterfaceOrientationLandscapeRight";
				INFOPLIST_KEY_UISupportedInterfaceOrientations_iPhone = "UIInterfaceOrientationPortrait UIInterfaceOrientationLandscapeLeft UIInterfaceOrientationLandscapeRight";
				INFOPLIST_KEY_UIUserInterfaceStyle = Light;
				LD_RUNPATH_SEARCH_PATHS = (
					"$(inherited)",
					"@executable_path/Frameworks",
				);
				MARKETING_VERSION = 1.0;
				PRODUCT_BUNDLE_IDENTIFIER = "com.kvm.Coffes-Bar";
				PRODUCT_NAME = "$(TARGET_NAME)";
				SWIFT_EMIT_LOC_STRINGS = YES;
				SWIFT_VERSION = 5.0;
				TARGETED_DEVICE_FAMILY = "1,2";
			};
			name = Release;
		};
/* End XCBuildConfiguration section */

/* Begin XCConfigurationList section */
		8120C0782A8456D60086BD41 /* Build configuration list for PBXProject "Coffes Bar" */ = {
			isa = XCConfigurationList;
			buildConfigurations = (
				8120C0892A8456D70086BD41 /* Debug */,
				8120C08A2A8456D70086BD41 /* Release */,
			);
			defaultConfigurationIsVisible = 0;
			defaultConfigurationName = Release;
		};
		8120C08B2A8456D70086BD41 /* Build configuration list for PBXNativeTarget "Coffes Bar" */ = {
			isa = XCConfigurationList;
			buildConfigurations = (
				8120C08C2A8456D70086BD41 /* Debug */,
				8120C08D2A8456D70086BD41 /* Release */,
			);
			defaultConfigurationIsVisible = 0;
			defaultConfigurationName = Release;
		};
/* End XCConfigurationList section */

/* Begin XCRemoteSwiftPackageReference section */
		8122AF5F2A8A5424003C961B /* XCRemoteSwiftPackageReference "url-image" */ = {
			isa = XCRemoteSwiftPackageReference;
			repositoryURL = "https://github.com/dmytro-anokhin/url-image";
			requirement = {
				kind = upToNextMajorVersion;
				minimumVersion = 3.0.0;
			};
		};
/* End XCRemoteSwiftPackageReference section */

/* Begin XCSwiftPackageProductDependency section */
		8122AF602A8A5424003C961B /* URLImage */ = {
			isa = XCSwiftPackageProductDependency;
			package = 8122AF5F2A8A5424003C961B /* XCRemoteSwiftPackageReference "url-image" */;
			productName = URLImage;
		};
		8122AF622A8A5424003C961B /* URLImageStore */ = {
			isa = XCSwiftPackageProductDependency;
			package = 8122AF5F2A8A5424003C961B /* XCRemoteSwiftPackageReference "url-image" */;
			productName = URLImageStore;
		};
/* End XCSwiftPackageProductDependency section */
	};
	rootObject = 8120C0752A8456D60086BD41 /* Project object */;
}
